
Microsoft Visual Studio Solution File, Format Version 12.00
# Visual Studio Version 17
VisualStudioVersion = 17.0.31903.59
MinimumVisualStudioVersion = 10.0.40219.1
Project("{2150E333-8FDC-42A3-9474-1A3956D46DE8}") = "src", "src", "{827E0CD3-B72D-47B6-A68D-7590B98EB39B}"
EndProject
Project("{2150E333-8FDC-42A3-9474-1A3956D46DE8}") = "Domain", "Domain", "{8D626EA8-CB54-BC41-363A-217881BEBA6E}"
EndProject
Project("{FAE04EC0-301F-11D3-BF4B-00C04F79EFBC}") = "APIFacturacion.Domain", "src\Domain\APIFacturacion.Domain\APIFacturacion.Domain.csproj", "{32276A3F-4AF0-4231-97C3-2946C8C77A4E}"
EndProject
Project("{FAE04EC0-301F-11D3-BF4B-00C04F79EFBC}") = "APIFacturacion.Application", "src\Application\APIFacturacion.Application\APIFacturacion.Application.csproj", "{8B1F104E-4D3E-4C8A-9066-C058DF8653CD}"
EndProject
Project("{FAE04EC0-301F-11D3-BF4B-00C04F79EFBC}") = "APIFacturacion.Infrastructure", "src\Infrastructure\APIFacturacion.Infrastructure\APIFacturacion.Infrastructure.csproj", "{156AED1D-5F50-4FAB-B588-FF33D6BF47C9}"
EndProject
Project("{FAE04EC0-301F-11D3-BF4B-00C04F79EFBC}") = "APIFacturacion.API", "src\Presentation\APIFacturacion.API\APIFacturacion.API.csproj", "{3C16A246-02E8-416D-BD48-6A984D1B1AC1}"
EndProject
Project("{2150E333-8FDC-42A3-9474-1A3956D46DE8}") = "Application", "Application", "{02EA681E-C7D8-13C7-8484-4AC65E1B71E8}"
EndProject
Project("{2150E333-8FDC-42A3-9474-1A3956D46DE8}") = "Infrastructure", "Infrastructure", "{C9BB6707-324A-4D27-A616-DE2FA12D4999}"
EndProject
Project("{2150E333-8FDC-42A3-9474-1A3956D46DE8}") = "Presentation", "Presentation", "{99B8EAF4-5AB0-4130-8BB6-E52E8F0C11ED}"
EndProject
Project("{2150E333-8FDC-42A3-9474-1A3956D46DE8}") = "tests", "tests", "{3DB85E93-38F1-4E20-B25A-32CB46253947}"
EndProject
Project("{FAE04EC0-301F-11D3-BF4B-00C04F79EFBC}") = "APIFacturacion.Tests", "tests\APIFacturacion.Tests\APIFacturacion.Tests.csproj", "{0CDBF85F-25D5-4CDF-BBB9-3BE933092D70}"
EndProject
Project("{2150E333-8FDC-42A3-9474-1A3956D46DE8}") = "libs", "libs", "{6C4D298B-81FB-2B6B-5AB6-46205EDDC72C}"
EndProject
Project("{FAE04EC0-301F-11D3-BF4B-00C04F79EFBC}") = "APIFacturacion.Encryption", "libs\APIFacturacion.Encryption\APIFacturacion.Encryption.csproj", "{F3F18544-7F33-47A5-AA7E-CA6D73EAA14B}"
EndProject
Global
	GlobalSection(SolutionConfigurationPlatforms) = preSolution
		Debug|Any CPU = Debug|Any CPU
		Debug|x64 = Debug|x64
		Debug|x86 = Debug|x86
		Release|Any CPU = Release|Any CPU
		Release|x64 = Release|x64
		Release|x86 = Release|x86
	EndGlobalSection
	GlobalSection(ProjectConfigurationPlatforms) = postSolution
		{32276A3F-4AF0-4231-97C3-2946C8C77A4E}.Debug|Any CPU.ActiveCfg = Debug|Any CPU
		{32276A3F-4AF0-4231-97C3-2946C8C77A4E}.Debug|Any CPU.Build.0 = Debug|Any CPU
		{32276A3F-4AF0-4231-97C3-2946C8C77A4E}.Debug|x64.ActiveCfg = Debug|Any CPU
		{32276A3F-4AF0-4231-97C3-2946C8C77A4E}.Debug|x64.Build.0 = Debug|Any CPU
		{32276A3F-4AF0-4231-97C3-2946C8C77A4E}.Debug|x86.ActiveCfg = Debug|Any CPU
		{32276A3F-4AF0-4231-97C3-2946C8C77A4E}.Debug|x86.Build.0 = Debug|Any CPU
		{32276A3F-4AF0-4231-97C3-2946C8C77A4E}.Release|Any CPU.ActiveCfg = Release|Any CPU
		{32276A3F-4AF0-4231-97C3-2946C8C77A4E}.Release|Any CPU.Build.0 = Release|Any CPU
		{32276A3F-4AF0-4231-97C3-2946C8C77A4E}.Release|x64.ActiveCfg = Release|Any CPU
		{32276A3F-4AF0-4231-97C3-2946C8C77A4E}.Release|x64.Build.0 = Release|Any CPU
		{32276A3F-4AF0-4231-97C3-2946C8C77A4E}.Release|x86.ActiveCfg = Release|Any CPU
		{32276A3F-4AF0-4231-97C3-2946C8C77A4E}.Release|x86.Build.0 = Release|Any CPU
		{8B1F104E-4D3E-4C8A-9066-C058DF8653CD}.Debug|Any CPU.ActiveCfg = Debug|Any CPU
		{8B1F104E-4D3E-4C8A-9066-C058DF8653CD}.Debug|Any CPU.Build.0 = Debug|Any CPU
		{8B1F104E-4D3E-4C8A-9066-C058DF8653CD}.Debug|x64.ActiveCfg = Debug|Any CPU
		{8B1F104E-4D3E-4C8A-9066-C058DF8653CD}.Debug|x64.Build.0 = Debug|Any CPU
		{8B1F104E-4D3E-4C8A-9066-C058DF8653CD}.Debug|x86.ActiveCfg = Debug|Any CPU
		{8B1F104E-4D3E-4C8A-9066-C058DF8653CD}.Debug|x86.Build.0 = Debug|Any CPU
		{8B1F104E-4D3E-4C8A-9066-C058DF8653CD}.Release|Any CPU.ActiveCfg = Release|Any CPU
		{8B1F104E-4D3E-4C8A-9066-C058DF8653CD}.Release|Any CPU.Build.0 = Release|Any CPU
		{8B1F104E-4D3E-4C8A-9066-C058DF8653CD}.Release|x64.ActiveCfg = Release|Any CPU
		{8B1F104E-4D3E-4C8A-9066-C058DF8653CD}.Release|x64.Build.0 = Release|Any CPU
		{8B1F104E-4D3E-4C8A-9066-C058DF8653CD}.Release|x86.ActiveCfg = Release|Any CPU
		{8B1F104E-4D3E-4C8A-9066-C058DF8653CD}.Release|x86.Build.0 = Release|Any CPU
		{156AED1D-5F50-4FAB-B588-FF33D6BF47C9}.Debug|Any CPU.ActiveCfg = Debug|Any CPU
		{156AED1D-5F50-4FAB-B588-FF33D6BF47C9}.Debug|Any CPU.Build.0 = Debug|Any CPU
		{156AED1D-5F50-4FAB-B588-FF33D6BF47C9}.Debug|x64.ActiveCfg = Debug|Any CPU
		{156AED1D-5F50-4FAB-B588-FF33D6BF47C9}.Debug|x64.Build.0 = Debug|Any CPU
		{156AED1D-5F50-4FAB-B588-FF33D6BF47C9}.Debug|x86.ActiveCfg = Debug|Any CPU
		{156AED1D-5F50-4FAB-B588-FF33D6BF47C9}.Debug|x86.Build.0 = Debug|Any CPU
		{156AED1D-5F50-4FAB-B588-FF33D6BF47C9}.Release|Any CPU.ActiveCfg = Release|Any CPU
		{156AED1D-5F50-4FAB-B588-FF33D6BF47C9}.Release|Any CPU.Build.0 = Release|Any CPU
		{156AED1D-5F50-4FAB-B588-FF33D6BF47C9}.Release|x64.ActiveCfg = Release|Any CPU
		{156AED1D-5F50-4FAB-B588-FF33D6BF47C9}.Release|x64.Build.0 = Release|Any CPU
		{156AED1D-5F50-4FAB-B588-FF33D6BF47C9}.Release|x86.ActiveCfg = Release|Any CPU
		{156AED1D-5F50-4FAB-B588-FF33D6BF47C9}.Release|x86.Build.0 = Release|Any CPU
		{3C16A246-02E8-416D-BD48-6A984D1B1AC1}.Debug|Any CPU.ActiveCfg = Debug|Any CPU
		{3C16A246-02E8-416D-BD48-6A984D1B1AC1}.Debug|Any CPU.Build.0 = Debug|Any CPU
		{3C16A246-02E8-416D-BD48-6A984D1B1AC1}.Debug|x64.ActiveCfg = Debug|Any CPU
		{3C16A246-02E8-416D-BD48-6A984D1B1AC1}.Debug|x64.Build.0 = Debug|Any CPU
		{3C16A246-02E8-416D-BD48-6A984D1B1AC1}.Debug|x86.ActiveCfg = Debug|Any CPU
		{3C16A246-02E8-416D-BD48-6A984D1B1AC1}.Debug|x86.Build.0 = Debug|Any CPU
		{3C16A246-02E8-416D-BD48-6A984D1B1AC1}.Release|Any CPU.ActiveCfg = Release|Any CPU
		{3C16A246-02E8-416D-BD48-6A984D1B1AC1}.Release|Any CPU.Build.0 = Release|Any CPU
		{3C16A246-02E8-416D-BD48-6A984D1B1AC1}.Release|x64.ActiveCfg = Release|Any CPU
		{3C16A246-02E8-416D-BD48-6A984D1B1AC1}.Release|x64.Build.0 = Release|Any CPU
		{3C16A246-02E8-416D-BD48-6A984D1B1AC1}.Release|x86.ActiveCfg = Release|Any CPU
		{3C16A246-02E8-416D-BD48-6A984D1B1AC1}.Release|x86.Build.0 = Release|Any CPU
		{0CDBF85F-25D5-4CDF-BBB9-3BE933092D70}.Debug|Any CPU.ActiveCfg = Debug|Any CPU
		{0CDBF85F-25D5-4CDF-BBB9-3BE933092D70}.Debug|Any CPU.Build.0 = Debug|Any CPU
		{0CDBF85F-25D5-4CDF-BBB9-3BE933092D70}.Debug|x64.ActiveCfg = Debug|Any CPU
		{0CDBF85F-25D5-4CDF-BBB9-3BE933092D70}.Debug|x64.Build.0 = Debug|Any CPU
		{0CDBF85F-25D5-4CDF-BBB9-3BE933092D70}.Debug|x86.ActiveCfg = Debug|Any CPU
		{0CDBF85F-25D5-4CDF-BBB9-3BE933092D70}.Debug|x86.Build.0 = Debug|Any CPU
		{0CDBF85F-25D5-4CDF-BBB9-3BE933092D70}.Release|Any CPU.ActiveCfg = Release|Any CPU
		{0CDBF85F-25D5-4CDF-BBB9-3BE933092D70}.Release|Any CPU.Build.0 = Release|Any CPU
		{0CDBF85F-25D5-4CDF-BBB9-3BE933092D70}.Release|x64.ActiveCfg = Release|Any CPU
		{0CDBF85F-25D5-4CDF-BBB9-3BE933092D70}.Release|x64.Build.0 = Release|Any CPU
		{0CDBF85F-25D5-4CDF-BBB9-3BE933092D70}.Release|x86.ActiveCfg = Release|Any CPU
		{0CDBF85F-25D5-4CDF-BBB9-3BE933092D70}.Release|x86.Build.0 = Release|Any CPU
		{F3F18544-7F33-47A5-AA7E-CA6D73EAA14B}.Debug|Any CPU.ActiveCfg = Debug|Any CPU
		{F3F18544-7F33-47A5-AA7E-CA6D73EAA14B}.Debug|Any CPU.Build.0 = Debug|Any CPU
		{F3F18544-7F33-47A5-AA7E-CA6D73EAA14B}.Debug|x64.ActiveCfg = Debug|Any CPU
		{F3F18544-7F33-47A5-AA7E-CA6D73EAA14B}.Debug|x64.Build.0 = Debug|Any CPU
		{F3F18544-7F33-47A5-AA7E-CA6D73EAA14B}.Debug|x86.ActiveCfg = Debug|Any CPU
		{F3F18544-7F33-47A5-AA7E-CA6D73EAA14B}.Debug|x86.Build.0 = Debug|Any CPU
		{F3F18544-7F33-47A5-AA7E-CA6D73EAA14B}.Release|Any CPU.ActiveCfg = Release|Any CPU
		{F3F18544-7F33-47A5-AA7E-CA6D73EAA14B}.Release|Any CPU.Build.0 = Release|Any CPU
		{F3F18544-7F33-47A5-AA7E-CA6D73EAA14B}.Release|x64.ActiveCfg = Release|Any CPU
		{F3F18544-7F33-47A5-AA7E-CA6D73EAA14B}.Release|x64.Build.0 = Release|Any CPU
		{F3F18544-7F33-47A5-AA7E-CA6D73EAA14B}.Release|x86.ActiveCfg = Release|Any CPU
		{F3F18544-7F33-47A5-AA7E-CA6D73EAA14B}.Release|x86.Build.0 = Release|Any CPU
	EndGlobalSection
	GlobalSection(SolutionProperties) = preSolution
		HideSolutionNode = FALSE
	EndGlobalSection
	GlobalSection(NestedProjects) = preSolution
		{8D626EA8-CB54-BC41-363A-217881BEBA6E} = {827E0CD3-B72D-47B6-A68D-7590B98EB39B}
		{32276A3F-4AF0-4231-97C3-2946C8C77A4E} = {8D626EA8-CB54-BC41-363A-217881BEBA6E}
		{8B1F104E-4D3E-4C8A-9066-C058DF8653CD} = {02EA681E-C7D8-13C7-8484-4AC65E1B71E8}
		{156AED1D-5F50-4FAB-B588-FF33D6BF47C9} = {C9BB6707-324A-4D27-A616-DE2FA12D4999}
		{3C16A246-02E8-416D-BD48-6A984D1B1AC1} = {99B8EAF4-5AB0-4130-8BB6-E52E8F0C11ED}
		{02EA681E-C7D8-13C7-8484-4AC65E1B71E8} = {827E0CD3-B72D-47B6-A68D-7590B98EB39B}
		{C9BB6707-324A-4D27-A616-DE2FA12D4999} = {827E0CD3-B72D-47B6-A68D-7590B98EB39B}
		{99B8EAF4-5AB0-4130-8BB6-E52E8F0C11ED} = {827E0CD3-B72D-47B6-A68D-7590B98EB39B}
		{0CDBF85F-25D5-4CDF-BBB9-3BE933092D70} = {3DB85E93-38F1-4E20-B25A-32CB46253947}
		{F3F18544-7F33-47A5-AA7E-CA6D73EAA14B} = {6C4D298B-81FB-2B6B-5AB6-46205EDDC72C}
	EndGlobalSection
EndGlobal

